
Microsoft Visual Studio Solution File, Format Version 12.00
# Visual Studio Version 17
VisualStudioVersion = 17.9.34728.123
MinimumVisualStudioVersion = 10.0.40219.1
Project("{9A19103F-16F7-4668-BE54-9A1E7A4F7556}") = "TO2", "TO2.csproj", "{128879AE-CB6A-4A81-869B-C83DF20DEF4C}"
EndProject
Project("{9A19103F-16F7-4668-BE54-9A1E7A4F7556}") = "Application", "..\Application\Application.csproj", "{901EE652-475E-4C99-8733-0C8A073BE196}"
EndProject
Project("{9A19103F-16F7-4668-BE54-9A1E7A4F7556}") = "Domain", "..\Domain\Domain.csproj", "{749518CF-C7DB-42E5-9CA5-9D71451CE153}"
EndProject
Project("{9A19103F-16F7-4668-BE54-9A1E7A4F7556}") = "Infrastructure", "..\Infrastructure\Infrastructure.csproj", "{80B782B1-A4DE-4405-A696-577FDCE8F42E}"
EndProject
Project("{54A90642-561A-4BB1-A94E-469ADEE60C69}") = "UI", "..\UI\UI.esproj", "{93F8BB7E-FE9F-44CE-91A0-A7B97894F961}"
EndProject
Project("{2150E333-8FDC-42A3-9474-1A3956D46DE8}") = "docs", "docs", "{7A830D06-4A04-4467-83C1-C28B36AF2CCE}"
	ProjectSection(SolutionItems) = preProject
		..\..\docs\bracketv2.png = ..\..\docs\bracketv2.png
		..\..\docs\play_tournament_devnote.md = ..\..\docs\play_tournament_devnote.md
		..\..\docs\todo.md = ..\..\docs\todo.md
	EndProjectSection
EndProject
Global
	GlobalSection(SolutionConfigurationPlatforms) = preSolution
		Debug|Any CPU = Debug|Any CPU
		Release|Any CPU = Release|Any CPU
	EndGlobalSection
	GlobalSection(ProjectConfigurationPlatforms) = postSolution
		{128879AE-CB6A-4A81-869B-C83DF20DEF4C}.Debug|Any CPU.ActiveCfg = Debug|Any CPU
		{128879AE-CB6A-4A81-869B-C83DF20DEF4C}.Debug|Any CPU.Build.0 = Debug|Any CPU
		{128879AE-CB6A-4A81-869B-C83DF20DEF4C}.Release|Any CPU.ActiveCfg = Release|Any CPU
		{128879AE-CB6A-4A81-869B-C83DF20DEF4C}.Release|Any CPU.Build.0 = Release|Any CPU
		{901EE652-475E-4C99-8733-0C8A073BE196}.Debug|Any CPU.ActiveCfg = Debug|Any CPU
		{901EE652-475E-4C99-8733-0C8A073BE196}.Debug|Any CPU.Build.0 = Debug|Any CPU
		{901EE652-475E-4C99-8733-0C8A073BE196}.Release|Any CPU.ActiveCfg = Release|Any CPU
		{901EE652-475E-4C99-8733-0C8A073BE196}.Release|Any CPU.Build.0 = Release|Any CPU
		{749518CF-C7DB-42E5-9CA5-9D71451CE153}.Debug|Any CPU.ActiveCfg = Debug|Any CPU
		{749518CF-C7DB-42E5-9CA5-9D71451CE153}.Debug|Any CPU.Build.0 = Debug|Any CPU
		{749518CF-C7DB-42E5-9CA5-9D71451CE153}.Release|Any CPU.ActiveCfg = Release|Any CPU
		{749518CF-C7DB-42E5-9CA5-9D71451CE153}.Release|Any CPU.Build.0 = Release|Any CPU
		{80B782B1-A4DE-4405-A696-577FDCE8F42E}.Debug|Any CPU.ActiveCfg = Debug|Any CPU
		{80B782B1-A4DE-4405-A696-577FDCE8F42E}.Debug|Any CPU.Build.0 = Debug|Any CPU
		{80B782B1-A4DE-4405-A696-577FDCE8F42E}.Release|Any CPU.ActiveCfg = Release|Any CPU
		{80B782B1-A4DE-4405-A696-577FDCE8F42E}.Release|Any CPU.Build.0 = Release|Any CPU
		{93F8BB7E-FE9F-44CE-91A0-A7B97894F961}.Debug|Any CPU.ActiveCfg = Debug|Any CPU
		{93F8BB7E-FE9F-44CE-91A0-A7B97894F961}.Debug|Any CPU.Build.0 = Debug|Any CPU
		{93F8BB7E-FE9F-44CE-91A0-A7B97894F961}.Debug|Any CPU.Deploy.0 = Debug|Any CPU
		{93F8BB7E-FE9F-44CE-91A0-A7B97894F961}.Release|Any CPU.ActiveCfg = Release|Any CPU
		{93F8BB7E-FE9F-44CE-91A0-A7B97894F961}.Release|Any CPU.Build.0 = Release|Any CPU
		{93F8BB7E-FE9F-44CE-91A0-A7B97894F961}.Release|Any CPU.Deploy.0 = Release|Any CPU
	EndGlobalSection
	GlobalSection(SolutionProperties) = preSolution
		HideSolutionNode = FALSE
	EndGlobalSection
	GlobalSection(ExtensibilityGlobals) = postSolution
		SolutionGuid = {8AFCEE6D-C5DC-4FF9-AF90-DF0B6215B4F1}
	EndGlobalSection
EndGlobal
